
Microsoft Visual Studio Solution File, Format Version 12.00
# Visual Studio 15
VisualStudioVersion = 15.0.28307.1758
MinimumVisualStudioVersion = 10.0.40219.1
Project("{FAE04EC0-301F-11D3-BF4B-00C04F79EFBC}") = "RouteExample", "RouteExample\RouteExample.csproj", "{5EFF97F4-A578-46EB-BB88-4CF78E48B349}"
EndProject
Global
	GlobalSection(SolutionConfigurationPlatforms) = preSolution
		Debug|Any CPU = Debug|Any CPU
		Release|Any CPU = Release|Any CPU
	EndGlobalSection
	GlobalSection(ProjectConfigurationPlatforms) = postSolution
		{5EFF97F4-A578-46EB-BB88-4CF78E48B349}.Debug|Any CPU.ActiveCfg = Debug|Any CPU
		{5EFF97F4-A578-46EB-BB88-4CF78E48B349}.Debug|Any CPU.Build.0 = Debug|Any CPU
		{5EFF97F4-A578-46EB-BB88-4CF78E48B349}.Release|Any CPU.ActiveCfg = Release|Any CPU
		{5EFF97F4-A578-46EB-BB88-4CF78E48B349}.Release|Any CPU.Build.0 = Release|Any CPU
	EndGlobalSection
	GlobalSection(SolutionProperties) = preSolution
		HideSolutionNode = FALSE
	EndGlobalSection
	GlobalSection(ExtensibilityGlobals) = postSolution
		SolutionGuid = {04370BAF-3086-44F7-8ADC-91B46F3F4EBC}
	EndGlobalSection
EndGlobal
